
Microsoft Visual Studio Solution File, Format Version 12.00
# Visual Studio Version 16
VisualStudioVersion = 25.0.1704.0
MinimumVisualStudioVersion = 10.0.40219.1
Project("{FAE04EC0-301F-11D3-BF4B-00C04F79EFBC}") = "snakeOnline", "snakeOnline.csproj", "{53504C2C-5D6F-4036-8D82-D21A0A581EEB}"
EndProject
Global
	GlobalSection(SolutionConfigurationPlatforms) = preSolution
		Debug|Any CPU = Debug|Any CPU
		Release|Any CPU = Release|Any CPU
	EndGlobalSection
	GlobalSection(ProjectConfigurationPlatforms) = postSolution
		{53504C2C-5D6F-4036-8D82-D21A0A581EEB}.Debug|Any CPU.ActiveCfg = Debug|Any CPU
		{53504C2C-5D6F-4036-8D82-D21A0A581EEB}.Debug|Any CPU.Build.0 = Debug|Any CPU
		{53504C2C-5D6F-4036-8D82-D21A0A581EEB}.Release|Any CPU.ActiveCfg = Release|Any CPU
		{53504C2C-5D6F-4036-8D82-D21A0A581EEB}.Release|Any CPU.Build.0 = Release|Any CPU
	EndGlobalSection
	GlobalSection(SolutionProperties) = preSolution
		HideSolutionNode = FALSE
	EndGlobalSection
	GlobalSection(ExtensibilityGlobals) = postSolution
		SolutionGuid = {2EEC69BF-3EC5-4F08-9E5A-C09B5EF28251}
	EndGlobalSection
EndGlobal
